
Microsoft Visual Studio Solution File, Format Version 12.00
# Visual Studio 15
VisualStudioVersion = 15.0.28010.2003
MinimumVisualStudioVersion = 10.0.40219.1
Project("{2150E333-8FDC-42A3-9474-1A3956D46DE8}") = "1-API", "1-API", "{DC5F4CC3-9BF7-44F7-BDC8-93DC6C1E960E}"
EndProject
Project("{2150E333-8FDC-42A3-9474-1A3956D46DE8}") = "2-Service", "2-Service", "{F8029BB9-6E06-4BCB-931A-2EE61D784719}"
EndProject
Project("{2150E333-8FDC-42A3-9474-1A3956D46DE8}") = "3-Domain", "3-Domain", "{809D1C08-41D0-4666-A85B-5C058BFC1749}"
EndProject
Project("{2150E333-8FDC-42A3-9474-1A3956D46DE8}") = "4-Infra", "4-Infra", "{947ED4B1-0551-48E4-9046-381B317CC5BB}"
EndProject
Project("{2150E333-8FDC-42A3-9474-1A3956D46DE8}") = "5-Tests", "5-Tests", "{7FAAE08D-0C9E-4CE9-815F-7E70025D60FA}"
EndProject
Project("{9A19103F-16F7-4668-BE54-9A1E7A4F7556}") = "CompanyPatrimony.Domain", "CompanyPatrimony.Domain\CompanyPatrimony.Domain.csproj", "{4DB47C9D-77CE-4443-A1BC-AFCDC6B127AF}"
EndProject
Project("{9A19103F-16F7-4668-BE54-9A1E7A4F7556}") = "CompanyPatrimony.Domain.Core", "CompanyPatrimony.Domain.Core\CompanyPatrimony.Domain.Core.csproj", "{58A72736-5E8C-400D-90D2-F271FB872591}"
EndProject
Project("{9A19103F-16F7-4668-BE54-9A1E7A4F7556}") = "CompanyPatrimony.Domain.Tests", "CompanyPatrimony.Domain.Tests\CompanyPatrimony.Domain.Tests.csproj", "{08A72780-B816-4E44-B11A-3DC01A2C9359}"
EndProject
Project("{2150E333-8FDC-42A3-9474-1A3956D46DE8}") = "Data", "Data", "{B627113A-1C57-4D59-A89D-B29CBEA03697}"
EndProject
Project("{9A19103F-16F7-4668-BE54-9A1E7A4F7556}") = "CompanyPatrimony.Infra.Data", "CompanyPatrimony.Infra.Data\CompanyPatrimony.Infra.Data.csproj", "{FDEB05EC-B332-4349-85F6-64C3F8592C0A}"
EndProject
Project("{9A19103F-16F7-4668-BE54-9A1E7A4F7556}") = "CompanyPatrimony.Service", "CompanyPatrimony.Service\CompanyPatrimony.Service.csproj", "{2108C233-3827-4A35-8AC8-89049E33EAAA}"
EndProject
Project("{FAE04EC0-301F-11D3-BF4B-00C04F79EFBC}") = "CompanyPatrimony.API", "CompanyPatrimony.API\CompanyPatrimony.API.csproj", "{9AC64595-BC7A-40B0-9BC6-9C68732A07F4}"
EndProject
Project("{2150E333-8FDC-42A3-9474-1A3956D46DE8}") = "CrossCutting", "CrossCutting", "{33217EFF-848B-47D6-A378-E7DEA22C19EC}"
EndProject
Project("{FAE04EC0-301F-11D3-BF4B-00C04F79EFBC}") = "CompanyPatrimony.Infra.CrossCutting.IoC", "CompanyPatrimony.Infra.CrossCutting.IoC\CompanyPatrimony.Infra.CrossCutting.IoC.csproj", "{DCB3FB25-3B60-4A04-8C7B-221FF3474E8C}"
EndProject
Global
	GlobalSection(SolutionConfigurationPlatforms) = preSolution
		Debug|Any CPU = Debug|Any CPU
		Release|Any CPU = Release|Any CPU
	EndGlobalSection
	GlobalSection(ProjectConfigurationPlatforms) = postSolution
		{4DB47C9D-77CE-4443-A1BC-AFCDC6B127AF}.Debug|Any CPU.ActiveCfg = Debug|Any CPU
		{4DB47C9D-77CE-4443-A1BC-AFCDC6B127AF}.Debug|Any CPU.Build.0 = Debug|Any CPU
		{4DB47C9D-77CE-4443-A1BC-AFCDC6B127AF}.Release|Any CPU.ActiveCfg = Release|Any CPU
		{4DB47C9D-77CE-4443-A1BC-AFCDC6B127AF}.Release|Any CPU.Build.0 = Release|Any CPU
		{58A72736-5E8C-400D-90D2-F271FB872591}.Debug|Any CPU.ActiveCfg = Debug|Any CPU
		{58A72736-5E8C-400D-90D2-F271FB872591}.Debug|Any CPU.Build.0 = Debug|Any CPU
		{58A72736-5E8C-400D-90D2-F271FB872591}.Release|Any CPU.ActiveCfg = Release|Any CPU
		{58A72736-5E8C-400D-90D2-F271FB872591}.Release|Any CPU.Build.0 = Release|Any CPU
		{08A72780-B816-4E44-B11A-3DC01A2C9359}.Debug|Any CPU.ActiveCfg = Debug|Any CPU
		{08A72780-B816-4E44-B11A-3DC01A2C9359}.Debug|Any CPU.Build.0 = Debug|Any CPU
		{08A72780-B816-4E44-B11A-3DC01A2C9359}.Release|Any CPU.ActiveCfg = Release|Any CPU
		{08A72780-B816-4E44-B11A-3DC01A2C9359}.Release|Any CPU.Build.0 = Release|Any CPU
		{FDEB05EC-B332-4349-85F6-64C3F8592C0A}.Debug|Any CPU.ActiveCfg = Debug|Any CPU
		{FDEB05EC-B332-4349-85F6-64C3F8592C0A}.Debug|Any CPU.Build.0 = Debug|Any CPU
		{FDEB05EC-B332-4349-85F6-64C3F8592C0A}.Release|Any CPU.ActiveCfg = Release|Any CPU
		{FDEB05EC-B332-4349-85F6-64C3F8592C0A}.Release|Any CPU.Build.0 = Release|Any CPU
		{2108C233-3827-4A35-8AC8-89049E33EAAA}.Debug|Any CPU.ActiveCfg = Debug|Any CPU
		{2108C233-3827-4A35-8AC8-89049E33EAAA}.Debug|Any CPU.Build.0 = Debug|Any CPU
		{2108C233-3827-4A35-8AC8-89049E33EAAA}.Release|Any CPU.ActiveCfg = Release|Any CPU
		{2108C233-3827-4A35-8AC8-89049E33EAAA}.Release|Any CPU.Build.0 = Release|Any CPU
		{9AC64595-BC7A-40B0-9BC6-9C68732A07F4}.Debug|Any CPU.ActiveCfg = Debug|Any CPU
		{9AC64595-BC7A-40B0-9BC6-9C68732A07F4}.Debug|Any CPU.Build.0 = Debug|Any CPU
		{9AC64595-BC7A-40B0-9BC6-9C68732A07F4}.Release|Any CPU.ActiveCfg = Release|Any CPU
		{9AC64595-BC7A-40B0-9BC6-9C68732A07F4}.Release|Any CPU.Build.0 = Release|Any CPU
		{DCB3FB25-3B60-4A04-8C7B-221FF3474E8C}.Debug|Any CPU.ActiveCfg = Debug|Any CPU
		{DCB3FB25-3B60-4A04-8C7B-221FF3474E8C}.Debug|Any CPU.Build.0 = Debug|Any CPU
		{DCB3FB25-3B60-4A04-8C7B-221FF3474E8C}.Release|Any CPU.ActiveCfg = Release|Any CPU
		{DCB3FB25-3B60-4A04-8C7B-221FF3474E8C}.Release|Any CPU.Build.0 = Release|Any CPU
	EndGlobalSection
	GlobalSection(SolutionProperties) = preSolution
		HideSolutionNode = FALSE
	EndGlobalSection
	GlobalSection(NestedProjects) = preSolution
		{4DB47C9D-77CE-4443-A1BC-AFCDC6B127AF} = {809D1C08-41D0-4666-A85B-5C058BFC1749}
		{58A72736-5E8C-400D-90D2-F271FB872591} = {809D1C08-41D0-4666-A85B-5C058BFC1749}
		{08A72780-B816-4E44-B11A-3DC01A2C9359} = {7FAAE08D-0C9E-4CE9-815F-7E70025D60FA}
		{B627113A-1C57-4D59-A89D-B29CBEA03697} = {947ED4B1-0551-48E4-9046-381B317CC5BB}
		{FDEB05EC-B332-4349-85F6-64C3F8592C0A} = {B627113A-1C57-4D59-A89D-B29CBEA03697}
		{2108C233-3827-4A35-8AC8-89049E33EAAA} = {F8029BB9-6E06-4BCB-931A-2EE61D784719}
		{9AC64595-BC7A-40B0-9BC6-9C68732A07F4} = {DC5F4CC3-9BF7-44F7-BDC8-93DC6C1E960E}
		{33217EFF-848B-47D6-A378-E7DEA22C19EC} = {947ED4B1-0551-48E4-9046-381B317CC5BB}
		{DCB3FB25-3B60-4A04-8C7B-221FF3474E8C} = {33217EFF-848B-47D6-A378-E7DEA22C19EC}
	EndGlobalSection
	GlobalSection(ExtensibilityGlobals) = postSolution
		SolutionGuid = {3D57D9D8-00EC-42D9-BF14-CAC8467AF813}
	EndGlobalSection
EndGlobal
